
Microsoft Visual Studio Solution File, Format Version 12.00
# Visual Studio Version 16
VisualStudioVersion = 16.0.31911.196
MinimumVisualStudioVersion = 10.0.40219.1
Project("{FAE04EC0-301F-11D3-BF4B-00C04F79EFBC}") = "Model", "Model\Model.csproj", "{D7F7AD6D-3902-4E79-83F6-CED327EA6AA7}"
EndProject
Project("{FAE04EC0-301F-11D3-BF4B-00C04F79EFBC}") = "ConsoleApp", "ConsoleApp\ConsoleApp.csproj", "{350772A7-608D-407D-9228-7269CF38C3CC}"
EndProject
Project("{FAE04EC0-301F-11D3-BF4B-00C04F79EFBC}") = "WindowsFormsApp", "WindowsFormsApp\WindowsFormsApp.csproj", "{9C722765-84B1-4194-8AD0-CF170003AD4B}"
EndProject
Project("{FAE04EC0-301F-11D3-BF4B-00C04F79EFBC}") = "UnitTests", "UnitTests\UnitTests.csproj", "{F944E6B7-1CF1-4B53-9FA4-BF5C7871B9D5}"
EndProject
Global
	GlobalSection(SolutionConfigurationPlatforms) = preSolution
		Debug|Any CPU = Debug|Any CPU
		Release|Any CPU = Release|Any CPU
	EndGlobalSection
	GlobalSection(ProjectConfigurationPlatforms) = postSolution
		{D7F7AD6D-3902-4E79-83F6-CED327EA6AA7}.Debug|Any CPU.ActiveCfg = Debug|Any CPU
		{D7F7AD6D-3902-4E79-83F6-CED327EA6AA7}.Debug|Any CPU.Build.0 = Debug|Any CPU
		{D7F7AD6D-3902-4E79-83F6-CED327EA6AA7}.Release|Any CPU.ActiveCfg = Release|Any CPU
		{D7F7AD6D-3902-4E79-83F6-CED327EA6AA7}.Release|Any CPU.Build.0 = Release|Any CPU
		{350772A7-608D-407D-9228-7269CF38C3CC}.Debug|Any CPU.ActiveCfg = Debug|Any CPU
		{350772A7-608D-407D-9228-7269CF38C3CC}.Debug|Any CPU.Build.0 = Debug|Any CPU
		{350772A7-608D-407D-9228-7269CF38C3CC}.Release|Any CPU.ActiveCfg = Release|Any CPU
		{350772A7-608D-407D-9228-7269CF38C3CC}.Release|Any CPU.Build.0 = Release|Any CPU
		{9C722765-84B1-4194-8AD0-CF170003AD4B}.Debug|Any CPU.ActiveCfg = Debug|Any CPU
		{9C722765-84B1-4194-8AD0-CF170003AD4B}.Debug|Any CPU.Build.0 = Debug|Any CPU
		{9C722765-84B1-4194-8AD0-CF170003AD4B}.Release|Any CPU.ActiveCfg = Release|Any CPU
		{9C722765-84B1-4194-8AD0-CF170003AD4B}.Release|Any CPU.Build.0 = Release|Any CPU
		{F944E6B7-1CF1-4B53-9FA4-BF5C7871B9D5}.Debug|Any CPU.ActiveCfg = Debug|Any CPU
		{F944E6B7-1CF1-4B53-9FA4-BF5C7871B9D5}.Debug|Any CPU.Build.0 = Debug|Any CPU
		{F944E6B7-1CF1-4B53-9FA4-BF5C7871B9D5}.Release|Any CPU.ActiveCfg = Release|Any CPU
		{F944E6B7-1CF1-4B53-9FA4-BF5C7871B9D5}.Release|Any CPU.Build.0 = Release|Any CPU
	EndGlobalSection
	GlobalSection(SolutionProperties) = preSolution
		HideSolutionNode = FALSE
	EndGlobalSection
	GlobalSection(ExtensibilityGlobals) = postSolution
		SolutionGuid = {4194CFE1-A97C-486C-A757-3AFB7A8A0B80}
	EndGlobalSection
EndGlobal
